{
  "nodes": {
    "nixpkgs": {
      "locked": {
        "lastModified": 1785571196,
        "narHash": "sha256-KoTsyMQqnXQZq8deCEnu4QkyldkwH/bpMMhUcfMdGIw=",
        "rev": "148bab9c1c3c53136ecb44a6ea356a0ed5b39b06",
        "revCount": 1045728,
        "type": "tarball",
        "url": "https://api.flakehub.com/f/pinned/NixOS/nixpkgs/0.1.1045728%2Brev-148bab9c1c3c53136ecb44a6ea356a0ed5b39b06/019fbe5b-4bac-75c0-9f13-7b7832696f39/source.tar.gz?rev=148bab9c1c3c53136ecb44a6ea356a0ed5b39b06&revCount=1045728"
      },
      "original": {
        "type": "tarball",
        "url": "https://flakehub.com/f/NixOS/nixpkgs/0.1"
      }
    },
    "root": {
      "inputs": {
        "nixpkgs": "nixpkgs"
      }
    }
  },
  "root": "root",
  "version": 7
}
